// !$*UTF8*$!
{
	archiveVersion = 1;
	classes = {
	};
	objectVersion = 46;
	objects = {

/* Begin PBXBuildFile section */
		3F0D62EC1DB5D0CC003CA67F /* TableViewCell.m in Sources */ = {isa = PBXBuildFile; fileRef = 3F0D62EA1DB5D0CC003CA67F /* TableViewCell.m */; };
		3F0D62ED1DB5D0CC003CA67F /* TableViewCell.xib in Resources */ = {isa = PBXBuildFile; fileRef = 3F0D62EB1DB5D0CC003CA67F /* TableViewCell.xib */; };
		3F0F1E201DBA00F900DD9EDA /* Assets.xcassets in Resources */ = {isa = PBXBuildFile; fileRef = 3F848A0E1DACF47C00C2CC44 /* Assets.xcassets */; };
		3F0F1E241DBA01F100DD9EDA /* TodayViewController.m in Sources */ = {isa = PBXBuildFile; fileRef = 3F848A231DACF6B000C2CC44 /* TodayViewController.m */; };
		3F0F1E251DBA01FA00DD9EDA /* TableViewCell.m in Sources */ = {isa = PBXBuildFile; fileRef = 3F0D62EA1DB5D0CC003CA67F /* TableViewCell.m */; };
		3F0F1E261DBA05DA00DD9EDA /* main.m in Sources */ = {isa = PBXBuildFile; fileRef = 3F848A031DACF47C00C2CC44 /* main.m */; };
		3F1BE3451DBCA36E000017C3 /* ShareViewController.m in Sources */ = {isa = PBXBuildFile; fileRef = 3F1BE3441DBCA36E000017C3 /* ShareViewController.m */; };
		3F1BE3481DBCA36E000017C3 /* MainInterface.storyboard in Resources */ = {isa = PBXBuildFile; fileRef = 3F1BE3461DBCA36E000017C3 /* MainInterface.storyboard */; };
		3F1BE34C1DBCA36E000017C3 /* Share_Extension.appex in Embed App Extensions */ = {isa = PBXBuildFile; fileRef = 3F1BE3411DBCA36E000017C3 /* Share_Extension.appex */; settings = {ATTRIBUTES = (RemoveHeadersOnCopy, ); }; };
		3F1BE3561DBD2824000017C3 /* ViewController1.m in Sources */ = {isa = PBXBuildFile; fileRef = 3F1BE3551DBD2824000017C3 /* ViewController1.m */; };
		3F848A071DACF47C00C2CC44 /* AppDelegate.m in Sources */ = {isa = PBXBuildFile; fileRef = 3F848A061DACF47C00C2CC44 /* AppDelegate.m */; };
		3F848A0A1DACF47C00C2CC44 /* ViewController.m in Sources */ = {isa = PBXBuildFile; fileRef = 3F848A091DACF47C00C2CC44 /* ViewController.m */; };
		3F848A0D1DACF47C00C2CC44 /* Main.storyboard in Resources */ = {isa = PBXBuildFile; fileRef = 3F848A0B1DACF47C00C2CC44 /* Main.storyboard */; };
		3F848A0F1DACF47C00C2CC44 /* Assets.xcassets in Resources */ = {isa = PBXBuildFile; fileRef = 3F848A0E1DACF47C00C2CC44 /* Assets.xcassets */; };
		3F848A121DACF47C00C2CC44 /* LaunchScreen.storyboard in Resources */ = {isa = PBXBuildFile; fileRef = 3F848A101DACF47C00C2CC44 /* LaunchScreen.storyboard */; };
		3F848A201DACF6B000C2CC44 /* NotificationCenter.framework in Frameworks */ = {isa = PBXBuildFile; fileRef = 3F848A1F1DACF6B000C2CC44 /* NotificationCenter.framework */; };
		3F848A241DACF6B000C2CC44 /* TodayViewController.m in Sources */ = {isa = PBXBuildFile; fileRef = 3F848A231DACF6B000C2CC44 /* TodayViewController.m */; };
		3F848A271DACF6B000C2CC44 /* MainInterface.storyboard in Resources */ = {isa = PBXBuildFile; fileRef = 3F848A251DACF6B000C2CC44 /* MainInterface.storyboard */; };
		3F848A2B1DACF6B000C2CC44 /* Today_Extension.appex in Embed App Extensions */ = {isa = PBXBuildFile; fileRef = 3F848A1D1DACF6B000C2CC44 /* Today_Extension.appex */; settings = {ATTRIBUTES = (RemoveHeadersOnCopy, ); }; };
		3F848A331DAD07ED00C2CC44 /* 0.jpg in Resources */ = {isa = PBXBuildFile; fileRef = 3F848A301DAD07ED00C2CC44 /* 0.jpg */; };
		3F848A341DAD07ED00C2CC44 /* 1.jpg in Resources */ = {isa = PBXBuildFile; fileRef = 3F848A311DAD07ED00C2CC44 /* 1.jpg */; };
		3F848A351DAD07ED00C2CC44 /* 2.jpg in Resources */ = {isa = PBXBuildFile; fileRef = 3F848A321DAD07ED00C2CC44 /* 2.jpg */; };
/* End PBXBuildFile section */

/* Begin PBXContainerItemProxy section */
		3F1BE34A1DBCA36E000017C3 /* PBXContainerItemProxy */ = {
			isa = PBXContainerItemProxy;
			containerPortal = 3F8489F71DACF47C00C2CC44 /* Project object */;
			proxyType = 1;
			remoteGlobalIDString = 3F1BE3401DBCA36E000017C3;
			remoteInfo = Share_Extension;
		};
		3F848A291DACF6B000C2CC44 /* PBXContainerItemProxy */ = {
			isa = PBXContainerItemProxy;
			containerPortal = 3F8489F71DACF47C00C2CC44 /* Project object */;
			proxyType = 1;
			remoteGlobalIDString = 3F848A1C1DACF6B000C2CC44;
			remoteInfo = Today_Extension;
		};
/* End PBXContainerItemProxy section */

/* Begin PBXCopyFilesBuildPhase section */
		3F848A2F1DACF6B000C2CC44 /* Embed App Extensions */ = {
			isa = PBXCopyFilesBuildPhase;
			buildActionMask = 2147483647;
			dstPath = "";
			dstSubfolderSpec = 13;
			files = (
				3F1BE34C1DBCA36E000017C3 /* Share_Extension.appex in Embed App Extensions */,
				3F848A2B1DACF6B000C2CC44 /* Today_Extension.appex in Embed App Extensions */,
			);
			name = "Embed App Extensions";
			runOnlyForDeploymentPostprocessing = 0;
		};
/* End PBXCopyFilesBuildPhase section */

/* Begin PBXFileReference section */
		3F0D62E91DB5D0CC003CA67F /* TableViewCell.h */ = {isa = PBXFileReference; fileEncoding = 4; lastKnownFileType = sourcecode.c.h; path = TableViewCell.h; sourceTree = "<group>"; };
		3F0D62EA1DB5D0CC003CA67F /* TableViewCell.m */ = {isa = PBXFileReference; fileEncoding = 4; lastKnownFileType = sourcecode.c.objc; path = TableViewCell.m; sourceTree = "<group>"; };
		3F0D62EB1DB5D0CC003CA67F /* TableViewCell.xib */ = {isa = PBXFileReference; fileEncoding = 4; lastKnownFileType = file.xib; path = TableViewCell.xib; sourceTree = "<group>"; };
		3F0F1E1E1DB9E7EA00DD9EDA /* ApplicationExtension_Demo.entitlements */ = {isa = PBXFileReference; lastKnownFileType = text.plist.entitlements; path = ApplicationExtension_Demo.entitlements; sourceTree = "<group>"; };
		3F0F1E1F1DB9E96200DD9EDA /* Today_Extension.entitlements */ = {isa = PBXFileReference; lastKnownFileType = text.plist.entitlements; path = Today_Extension.entitlements; sourceTree = "<group>"; };
		3F1BE3411DBCA36E000017C3 /* Share_Extension.appex */ = {isa = PBXFileReference; explicitFileType = "wrapper.app-extension"; includeInIndex = 0; path = Share_Extension.appex; sourceTree = BUILT_PRODUCTS_DIR; };
		3F1BE3431DBCA36E000017C3 /* ShareViewController.h */ = {isa = PBXFileReference; lastKnownFileType = sourcecode.c.h; path = ShareViewController.h; sourceTree = "<group>"; };
		3F1BE3441DBCA36E000017C3 /* ShareViewController.m */ = {isa = PBXFileReference; lastKnownFileType = sourcecode.c.objc; path = ShareViewController.m; sourceTree = "<group>"; };
		3F1BE3471DBCA36E000017C3 /* Base */ = {isa = PBXFileReference; lastKnownFileType = file.storyboard; name = Base; path = Base.lproj/MainInterface.storyboard; sourceTree = "<group>"; };
		3F1BE3491DBCA36E000017C3 /* Info.plist */ = {isa = PBXFileReference; lastKnownFileType = text.plist.xml; path = Info.plist; sourceTree = "<group>"; };
		3F1BE3501DBCA394000017C3 /* Share_Extension.entitlements */ = {isa = PBXFileReference; lastKnownFileType = text.plist.entitlements; path = Share_Extension.entitlements; sourceTree = "<group>"; };
		3F1BE3541DBD2824000017C3 /* ViewController1.h */ = {isa = PBXFileReference; fileEncoding = 4; lastKnownFileType = sourcecode.c.h; path = ViewController1.h; sourceTree = "<group>"; };
		3F1BE3551DBD2824000017C3 /* ViewController1.m */ = {isa = PBXFileReference; fileEncoding = 4; lastKnownFileType = sourcecode.c.objc; path = ViewController1.m; sourceTree = "<group>"; };
		3F8489FF1DACF47C00C2CC44 /* ApplicationExtension_Demo.app */ = {isa = PBXFileReference; explicitFileType = wrapper.application; includeInIndex = 0; path = ApplicationExtension_Demo.app; sourceTree = BUILT_PRODUCTS_DIR; };
		3F848A031DACF47C00C2CC44 /* main.m */ = {isa = PBXFileReference; lastKnownFileType = sourcecode.c.objc; path = main.m; sourceTree = "<group>"; };
		3F848A051DACF47C00C2CC44 /* AppDelegate.h */ = {isa = PBXFileReference; lastKnownFileType = sourcecode.c.h; path = AppDelegate.h; sourceTree = "<group>"; };
		3F848A061DACF47C00C2CC44 /* AppDelegate.m */ = {isa = PBXFileReference; lastKnownFileType = sourcecode.c.objc; path = AppDelegate.m; sourceTree = "<group>"; };
		3F848A081DACF47C00C2CC44 /* ViewController.h */ = {isa = PBXFileReference; lastKnownFileType = sourcecode.c.h; path = ViewController.h; sourceTree = "<group>"; };
		3F848A091DACF47C00C2CC44 /* ViewController.m */ = {isa = PBXFileReference; lastKnownFileType = sourcecode.c.objc; path = ViewController.m; sourceTree = "<group>"; };
		3F848A0C1DACF47C00C2CC44 /* Base */ = {isa = PBXFileReference; lastKnownFileType = file.storyboard; name = Base; path = Base.lproj/Main.storyboard; sourceTree = "<group>"; };
		3F848A0E1DACF47C00C2CC44 /* Assets.xcassets */ = {isa = PBXFileReference; lastKnownFileType = folder.assetcatalog; path = Assets.xcassets; sourceTree = "<group>"; };
		3F848A111DACF47C00C2CC44 /* Base */ = {isa = PBXFileReference; lastKnownFileType = file.storyboard; name = Base; path = Base.lproj/LaunchScreen.storyboard; sourceTree = "<group>"; };
		3F848A131DACF47C00C2CC44 /* Info.plist */ = {isa = PBXFileReference; lastKnownFileType = text.plist.xml; path = Info.plist; sourceTree = "<group>"; };
		3F848A1D1DACF6B000C2CC44 /* Today_Extension.appex */ = {isa = PBXFileReference; explicitFileType = "wrapper.app-extension"; includeInIndex = 0; path = Today_Extension.appex; sourceTree = BUILT_PRODUCTS_DIR; };
		3F848A1F1DACF6B000C2CC44 /* NotificationCenter.framework */ = {isa = PBXFileReference; lastKnownFileType = wrapper.framework; name = NotificationCenter.framework; path = System/Library/Frameworks/NotificationCenter.framework; sourceTree = SDKROOT; };
		3F848A221DACF6B000C2CC44 /* TodayViewController.h */ = {isa = PBXFileReference; lastKnownFileType = sourcecode.c.h; path = TodayViewController.h; sourceTree = "<group>"; };
		3F848A231DACF6B000C2CC44 /* TodayViewController.m */ = {isa = PBXFileReference; lastKnownFileType = sourcecode.c.objc; path = TodayViewController.m; sourceTree = "<group>"; };
		3F848A261DACF6B000C2CC44 /* Base */ = {isa = PBXFileReference; lastKnownFileType = file.storyboard; name = Base; path = Base.lproj/MainInterface.storyboard; sourceTree = "<group>"; };
		3F848A281DACF6B000C2CC44 /* Info.plist */ = {isa = PBXFileReference; lastKnownFileType = text.plist.xml; path = Info.plist; sourceTree = "<group>"; };
		3F848A301DAD07ED00C2CC44 /* 0.jpg */ = {isa = PBXFileReference; lastKnownFileType = image.jpeg; path = 0.jpg; sourceTree = "<group>"; };
		3F848A311DAD07ED00C2CC44 /* 1.jpg */ = {isa = PBXFileReference; lastKnownFileType = image.jpeg; path = 1.jpg; sourceTree = "<group>"; };
		3F848A321DAD07ED00C2CC44 /* 2.jpg */ = {isa = PBXFileReference; lastKnownFileType = image.jpeg; path = 2.jpg; sourceTree = "<group>"; };
/* End PBXFileReference section */

/* Begin PBXFrameworksBuildPhase section */
		3F1BE33E1DBCA36E000017C3 /* Frameworks */ = {
			isa = PBXFrameworksBuildPhase;
			buildActionMask = 2147483647;
			files = (
			);
			runOnlyForDeploymentPostprocessing = 0;
		};
		3F8489FC1DACF47C00C2CC44 /* Frameworks */ = {
			isa = PBXFrameworksBuildPhase;
			buildActionMask = 2147483647;
			files = (
			);
			runOnlyForDeploymentPostprocessing = 0;
		};
		3F848A1A1DACF6B000C2CC44 /* Frameworks */ = {
			isa = PBXFrameworksBuildPhase;
			buildActionMask = 2147483647;
			files = (
				3F848A201DACF6B000C2CC44 /* NotificationCenter.framework in Frameworks */,
			);
			runOnlyForDeploymentPostprocessing = 0;
		};
/* End PBXFrameworksBuildPhase section */

/* Begin PBXGroup section */
		3F1BE3421DBCA36E000017C3 /* Share_Extension */ = {
			isa = PBXGroup;
			children = (
				3F1BE3501DBCA394000017C3 /* Share_Extension.entitlements */,
				3F1BE3431DBCA36E000017C3 /* ShareViewController.h */,
				3F1BE3441DBCA36E000017C3 /* ShareViewController.m */,
				3F1BE3461DBCA36E000017C3 /* MainInterface.storyboard */,
				3F1BE3491DBCA36E000017C3 /* Info.plist */,
			);
			path = Share_Extension;
			sourceTree = "<group>";
		};
		3F8489F61DACF47C00C2CC44 = {
			isa = PBXGroup;
			children = (
				3F848A011DACF47C00C2CC44 /* ApplicationExtension_Demo */,
				3F848A211DACF6B000C2CC44 /* Today_Extension */,
				3F1BE3421DBCA36E000017C3 /* Share_Extension */,
				3F848A1E1DACF6B000C2CC44 /* Frameworks */,
				3F848A001DACF47C00C2CC44 /* Products */,
			);
			sourceTree = "<group>";
		};
		3F848A001DACF47C00C2CC44 /* Products */ = {
			isa = PBXGroup;
			children = (
				3F8489FF1DACF47C00C2CC44 /* ApplicationExtension_Demo.app */,
				3F848A1D1DACF6B000C2CC44 /* Today_Extension.appex */,
				3F1BE3411DBCA36E000017C3 /* Share_Extension.appex */,
			);
			name = Products;
			sourceTree = "<group>";
		};
		3F848A011DACF47C00C2CC44 /* ApplicationExtension_Demo */ = {
			isa = PBXGroup;
			children = (
				3F0F1E1E1DB9E7EA00DD9EDA /* ApplicationExtension_Demo.entitlements */,
				3F848A051DACF47C00C2CC44 /* AppDelegate.h */,
				3F848A061DACF47C00C2CC44 /* AppDelegate.m */,
				3F848A081DACF47C00C2CC44 /* ViewController.h */,
				3F848A091DACF47C00C2CC44 /* ViewController.m */,
				3F1BE3541DBD2824000017C3 /* ViewController1.h */,
				3F1BE3551DBD2824000017C3 /* ViewController1.m */,
				3F848A0B1DACF47C00C2CC44 /* Main.storyboard */,
				3F848A0E1DACF47C00C2CC44 /* Assets.xcassets */,
				3F848A101DACF47C00C2CC44 /* LaunchScreen.storyboard */,
				3F848A131DACF47C00C2CC44 /* Info.plist */,
				3F848A021DACF47C00C2CC44 /* Supporting Files */,
			);
			path = ApplicationExtension_Demo;
			sourceTree = "<group>";
		};
		3F848A021DACF47C00C2CC44 /* Supporting Files */ = {
			isa = PBXGroup;
			children = (
				3F848A031DACF47C00C2CC44 /* main.m */,
			);
			name = "Supporting Files";
			sourceTree = "<group>";
		};
		3F848A1E1DACF6B000C2CC44 /* Frameworks */ = {
			isa = PBXGroup;
			children = (
				3F848A1F1DACF6B000C2CC44 /* NotificationCenter.framework */,
			);
			name = Frameworks;
			sourceTree = "<group>";
		};
		3F848A211DACF6B000C2CC44 /* Today_Extension */ = {
			isa = PBXGroup;
			children = (
				3F0F1E1F1DB9E96200DD9EDA /* Today_Extension.entitlements */,
				3F848A221DACF6B000C2CC44 /* TodayViewController.h */,
				3F848A231DACF6B000C2CC44 /* TodayViewController.m */,
				3F848A251DACF6B000C2CC44 /* MainInterface.storyboard */,
				3F0D62E91DB5D0CC003CA67F /* TableViewCell.h */,
				3F0D62EA1DB5D0CC003CA67F /* TableViewCell.m */,
				3F0D62EB1DB5D0CC003CA67F /* TableViewCell.xib */,
				3F848A301DAD07ED00C2CC44 /* 0.jpg */,
				3F848A311DAD07ED00C2CC44 /* 1.jpg */,
				3F848A321DAD07ED00C2CC44 /* 2.jpg */,
				3F848A281DACF6B000C2CC44 /* Info.plist */,
			);
			path = Today_Extension;
			sourceTree = "<group>";
		};
/* End PBXGroup section */

/* Begin PBXNativeTarget section */
		3F1BE3401DBCA36E000017C3 /* Share_Extension */ = {
			isa = PBXNativeTarget;
			buildConfigurationList = 3F1BE34F1DBCA36F000017C3 /* Build configuration list for PBXNativeTarget "Share_Extension" */;
			buildPhases = (
				3F1BE33D1DBCA36E000017C3 /* Sources */,
				3F1BE33E1DBCA36E000017C3 /* Frameworks */,
				3F1BE33F1DBCA36E000017C3 /* Resources */,
			);
			buildRules = (
			);
			dependencies = (
			);
			name = Share_Extension;
			productName = Share_Extension;
			productReference = 3F1BE3411DBCA36E000017C3 /* Share_Extension.appex */;
			productType = "com.apple.product-type.app-extension";
		};
		3F8489FE1DACF47C00C2CC44 /* ApplicationExtension_Demo */ = {
			isa = PBXNativeTarget;
			buildConfigurationList = 3F848A161DACF47C00C2CC44 /* Build configuration list for PBXNativeTarget "ApplicationExtension_Demo" */;
			buildPhases = (
				3F8489FB1DACF47C00C2CC44 /* Sources */,
				3F8489FC1DACF47C00C2CC44 /* Frameworks */,
				3F8489FD1DACF47C00C2CC44 /* Resources */,
				3F848A2F1DACF6B000C2CC44 /* Embed App Extensions */,
			);
			buildRules = (
			);
			dependencies = (
				3F848A2A1DACF6B000C2CC44 /* PBXTargetDependency */,
				3F1BE34B1DBCA36E000017C3 /* PBXTargetDependency */,
			);
			name = ApplicationExtension_Demo;
			productName = ApplicationExtension_Demo;
			productReference = 3F8489FF1DACF47C00C2CC44 /* ApplicationExtension_Demo.app */;
			productType = "com.apple.product-type.application";
		};
		3F848A1C1DACF6B000C2CC44 /* Today_Extension */ = {
			isa = PBXNativeTarget;
			buildConfigurationList = 3F848A2C1DACF6B000C2CC44 /* Build configuration list for PBXNativeTarget "Today_Extension" */;
			buildPhases = (
				3F848A191DACF6B000C2CC44 /* Sources */,
				3F848A1A1DACF6B000C2CC44 /* Frameworks */,
				3F848A1B1DACF6B000C2CC44 /* Resources */,
			);
			buildRules = (
			);
			dependencies = (
			);
			name = Today_Extension;
			productName = Today_Extension;
			productReference = 3F848A1D1DACF6B000C2CC44 /* Today_Extension.appex */;
			productType = "com.apple.product-type.app-extension";
		};
/* End PBXNativeTarget section */

/* Begin PBXProject section */
		3F8489F71DACF47C00C2CC44 /* Project object */ = {
			isa = PBXProject;
			attributes = {
				LastUpgradeCheck = 0800;
				ORGANIZATIONNAME = Steven;
				TargetAttributes = {
					3F1BE3401DBCA36E000017C3 = {
						CreatedOnToolsVersion = 8.0;
						DevelopmentTeam = R365GJWFWY;
						ProvisioningStyle = Automatic;
						SystemCapabilities = {
							com.apple.ApplicationGroups.iOS = {
								enabled = 1;
							};
						};
					};
					3F8489FE1DACF47C00C2CC44 = {
						CreatedOnToolsVersion = 8.0;
						DevelopmentTeam = R365GJWFWY;
						ProvisioningStyle = Automatic;
						SystemCapabilities = {
							com.apple.ApplicationGroups.iOS = {
								enabled = 1;
							};
						};
					};
					3F848A1C1DACF6B000C2CC44 = {
						CreatedOnToolsVersion = 8.0;
						DevelopmentTeam = R365GJWFWY;
						ProvisioningStyle = Automatic;
						SystemCapabilities = {
							com.apple.ApplicationGroups.iOS = {
								enabled = 1;
							};
						};
					};
				};
			};
			buildConfigurationList = 3F8489FA1DACF47C00C2CC44 /* Build configuration list for PBXProject "ApplicationExtension_Demo" */;
			compatibilityVersion = "Xcode 3.2";
			developmentRegion = English;
			hasScannedForEncodings = 0;
			knownRegions = (
				en,
				Base,
			);
			mainGroup = 3F8489F61DACF47C00C2CC44;
			productRefGroup = 3F848A001DACF47C00C2CC44 /* Products */;
			projectDirPath = "";
			projectRoot = "";
			targets = (
				3F8489FE1DACF47C00C2CC44 /* ApplicationExtension_Demo */,
				3F848A1C1DACF6B000C2CC44 /* Today_Extension */,
				3F1BE3401DBCA36E000017C3 /* Share_Extension */,
			);
		};
/* End PBXProject section */

/* Begin PBXResourcesBuildPhase section */
		3F1BE33F1DBCA36E000017C3 /* Resources */ = {
			isa = PBXResourcesBuildPhase;
			buildActionMask = 2147483647;
			files = (
				3F1BE3481DBCA36E000017C3 /* MainInterface.storyboard in Resources */,
			);
			runOnlyForDeploymentPostprocessing = 0;
		};
		3F8489FD1DACF47C00C2CC44 /* Resources */ = {
			isa = PBXResourcesBuildPhase;
			buildActionMask = 2147483647;
			files = (
				3F848A121DACF47C00C2CC44 /* LaunchScreen.storyboard in Resources */,
				3F848A0F1DACF47C00C2CC44 /* Assets.xcassets in Resources */,
				3F848A0D1DACF47C00C2CC44 /* Main.storyboard in Resources */,
			);
			runOnlyForDeploymentPostprocessing = 0;
		};
		3F848A1B1DACF6B000C2CC44 /* Resources */ = {
			isa = PBXResourcesBuildPhase;
			buildActionMask = 2147483647;
			files = (
				3F848A341DAD07ED00C2CC44 /* 1.jpg in Resources */,
				3F0D62ED1DB5D0CC003CA67F /* TableViewCell.xib in Resources */,
				3F848A331DAD07ED00C2CC44 /* 0.jpg in Resources */,
				3F848A351DAD07ED00C2CC44 /* 2.jpg in Resources */,
				3F0F1E201DBA00F900DD9EDA /* Assets.xcassets in Resources */,
				3F848A271DACF6B000C2CC44 /* MainInterface.storyboard in Resources */,
			);
			runOnlyForDeploymentPostprocessing = 0;
		};
/* End PBXResourcesBuildPhase section */

/* Begin PBXSourcesBuildPhase section */
		3F1BE33D1DBCA36E000017C3 /* Sources */ = {
			isa = PBXSourcesBuildPhase;
			buildActionMask = 2147483647;
			files = (
				3F1BE3451DBCA36E000017C3 /* ShareViewController.m in Sources */,
			);
			runOnlyForDeploymentPostprocessing = 0;
		};
		3F8489FB1DACF47C00C2CC44 /* Sources */ = {
			isa = PBXSourcesBuildPhase;
			buildActionMask = 2147483647;
			files = (
				3F0F1E261DBA05DA00DD9EDA /* main.m in Sources */,
				3F0F1E241DBA01F100DD9EDA /* TodayViewController.m in Sources */,
				3F1BE3561DBD2824000017C3 /* ViewController1.m in Sources */,
				3F848A0A1DACF47C00C2CC44 /* ViewController.m in Sources */,
				3F848A071DACF47C00C2CC44 /* AppDelegate.m in Sources */,
				3F0F1E251DBA01FA00DD9EDA /* TableViewCell.m in Sources */,
			);
			runOnlyForDeploymentPostprocessing = 0;
		};
		3F848A191DACF6B000C2CC44 /* Sources */ = {
			isa = PBXSourcesBuildPhase;
			buildActionMask = 2147483647;
			files = (
				3F848A241DACF6B000C2CC44 /* TodayViewController.m in Sources */,
				3F0D62EC1DB5D0CC003CA67F /* TableViewCell.m in Sources */,
			);
			runOnlyForDeploymentPostprocessing = 0;
		};
/* End PBXSourcesBuildPhase section */

/* Begin PBXTargetDependency section */
		3F1BE34B1DBCA36E000017C3 /* PBXTargetDependency */ = {
			isa = PBXTargetDependency;
			target = 3F1BE3401DBCA36E000017C3 /* Share_Extension */;
			targetProxy = 3F1BE34A1DBCA36E000017C3 /* PBXContainerItemProxy */;
		};
		3F848A2A1DACF6B000C2CC44 /* PBXTargetDependency */ = {
			isa = PBXTargetDependency;
			target = 3F848A1C1DACF6B000C2CC44 /* Today_Extension */;
			targetProxy = 3F848A291DACF6B000C2CC44 /* PBXContainerItemProxy */;
		};
/* End PBXTargetDependency section */

/* Begin PBXVariantGroup section */
		3F1BE3461DBCA36E000017C3 /* MainInterface.storyboard */ = {
			isa = PBXVariantGroup;
			children = (
				3F1BE3471DBCA36E000017C3 /* Base */,
			);
			name = MainInterface.storyboard;
			sourceTree = "<group>";
		};
		3F848A0B1DACF47C00C2CC44 /* Main.storyboard */ = {
			isa = PBXVariantGroup;
			children = (
				3F848A0C1DACF47C00C2CC44 /* Base */,
			);
			name = Main.storyboard;
			sourceTree = "<group>";
		};
		3F848A101DACF47C00C2CC44 /* LaunchScreen.storyboard */ = {
			isa = PBXVariantGroup;
			children = (
				3F848A111DACF47C00C2CC44 /* Base */,
			);
			name = LaunchScreen.storyboard;
			sourceTree = "<group>";
		};
		3F848A251DACF6B000C2CC44 /* MainInterface.storyboard */ = {
			isa = PBXVariantGroup;
			children = (
				3F848A261DACF6B000C2CC44 /* Base */,
			);
			name = MainInterface.storyboard;
			sourceTree = "<group>";
		};
/* End PBXVariantGroup section */

/* Begin XCBuildConfiguration section */
		3F1BE34D1DBCA36F000017C3 /* Debug */ = {
			isa = XCBuildConfiguration;
			buildSettings = {
				CODE_SIGN_ENTITLEMENTS = Share_Extension/Share_Extension.entitlements;
				DEVELOPMENT_TEAM = R365GJWFWY;
				INFOPLIST_FILE = Share_Extension/Info.plist;
				LD_RUNPATH_SEARCH_PATHS = "$(inherited) @executable_path/Frameworks @executable_path/../../Frameworks";
				PRODUCT_BUNDLE_IDENTIFIER = "Crazy.ApplicationExtension-Demo.Share-Extension";
				PRODUCT_NAME = "$(TARGET_NAME)";
				SKIP_INSTALL = YES;
			};
			name = Debug;
		};
		3F1BE34E1DBCA36F000017C3 /* Release */ = {
			isa = XCBuildConfiguration;
			buildSettings = {
				CODE_SIGN_ENTITLEMENTS = Share_Extension/Share_Extension.entitlements;
				DEVELOPMENT_TEAM = R365GJWFWY;
				INFOPLIST_FILE = Share_Extension/Info.plist;
				LD_RUNPATH_SEARCH_PATHS = "$(inherited) @executable_path/Frameworks @executable_path/../../Frameworks";
				PRODUCT_BUNDLE_IDENTIFIER = "Crazy.ApplicationExtension-Demo.Share-Extension";
				PRODUCT_NAME = "$(TARGET_NAME)";
				SKIP_INSTALL = YES;
			};
			name = Release;
		};
		3F848A141DACF47C00C2CC44 /* Debug */ = {
			isa = XCBuildConfiguration;
			buildSettings = {
				ALWAYS_SEARCH_USER_PATHS = NO;
				CLANG_ANALYZER_NONNULL = YES;
				CLANG_CXX_LANGUAGE_STANDARD = "gnu++0x";
				CLANG_CXX_LIBRARY = "libc++";
				CLANG_ENABLE_MODULES = YES;
				CLANG_ENABLE_OBJC_ARC = YES;
				CLANG_WARN_BOOL_CONVERSION = YES;
				CLANG_WARN_CONSTANT_CONVERSION = YES;
				CLANG_WARN_DIRECT_OBJC_ISA_USAGE = YES_ERROR;
				CLANG_WARN_DOCUMENTATION_COMMENTS = YES;
				CLANG_WARN_EMPTY_BODY = YES;
				CLANG_WARN_ENUM_CONVERSION = YES;
				CLANG_WARN_INFINITE_RECURSION = YES;
				CLANG_WARN_INT_CONVERSION = YES;
				CLANG_WARN_OBJC_ROOT_CLASS = YES_ERROR;
				CLANG_WARN_SUSPICIOUS_MOVES = YES;
				CLANG_WARN_UNREACHABLE_CODE = YES;
				CLANG_WARN__DUPLICATE_METHOD_MATCH = YES;
				"CODE_SIGN_IDENTITY[sdk=iphoneos*]" = "iPhone Developer";
				COPY_PHASE_STRIP = NO;
				DEBUG_INFORMATION_FORMAT = dwarf;
				ENABLE_STRICT_OBJC_MSGSEND = YES;
				ENABLE_TESTABILITY = YES;
				GCC_C_LANGUAGE_STANDARD = gnu99;
				GCC_DYNAMIC_NO_PIC = NO;
				GCC_NO_COMMON_BLOCKS = YES;
				GCC_OPTIMIZATION_LEVEL = 0;
				GCC_PREPROCESSOR_DEFINITIONS = (
					"DEBUG=1",
					"$(inherited)",
				);
				GCC_WARN_64_TO_32_BIT_CONVERSION = YES;
				GCC_WARN_ABOUT_RETURN_TYPE = YES_ERROR;
				GCC_WARN_UNDECLARED_SELECTOR = YES;
				GCC_WARN_UNINITIALIZED_AUTOS = YES_AGGRESSIVE;
				GCC_WARN_UNUSED_FUNCTION = YES;
				GCC_WARN_UNUSED_VARIABLE = YES;
				IPHONEOS_DEPLOYMENT_TARGET = 10.0;
				MTL_ENABLE_DEBUG_INFO = YES;
				ONLY_ACTIVE_ARCH = YES;
				SDKROOT = iphoneos;
			};
			name = Debug;
		};
		3F848A151DACF47C00C2CC44 /* Release */ = {
			isa = XCBuildConfiguration;
			buildSettings = {
				ALWAYS_SEARCH_USER_PATHS = NO;
				CLANG_ANALYZER_NONNULL = YES;
				CLANG_CXX_LANGUAGE_STANDARD = "gnu++0x";
				CLANG_CXX_LIBRARY = "libc++";
				CLANG_ENABLE_MODULES = YES;
				CLANG_ENABLE_OBJC_ARC = YES;
				CLANG_WARN_BOOL_CONVERSION = YES;
				CLANG_WARN_CONSTANT_CONVERSION = YES;
				CLANG_WARN_DIRECT_OBJC_ISA_USAGE = YES_ERROR;
				CLANG_WARN_DOCUMENTATION_COMMENTS = YES;
				CLANG_WARN_EMPTY_BODY = YES;
				CLANG_WARN_ENUM_CONVERSION = YES;
				CLANG_WARN_INFINITE_RECURSION = YES;
				CLANG_WARN_INT_CONVERSION = YES;
				CLANG_WARN_OBJC_ROOT_CLASS = YES_ERROR;
				CLANG_WARN_SUSPICIOUS_MOVES = YES;
				CLANG_WARN_UNREACHABLE_CODE = YES;
				CLANG_WARN__DUPLICATE_METHOD_MATCH = YES;
				"CODE_SIGN_IDENTITY[sdk=iphoneos*]" = "iPhone Developer";
				COPY_PHASE_STRIP = NO;
				DEBUG_INFORMATION_FORMAT = "dwarf-with-dsym";
				ENABLE_NS_ASSERTIONS = NO;
				ENABLE_STRICT_OBJC_MSGSEND = YES;
				GCC_C_LANGUAGE_STANDARD = gnu99;
				GCC_NO_COMMON_BLOCKS = YES;
				GCC_WARN_64_TO_32_BIT_CONVERSION = YES;
				GCC_WARN_ABOUT_RETURN_TYPE = YES_ERROR;
				GCC_WARN_UNDECLARED_SELECTOR = YES;
				GCC_WARN_UNINITIALIZED_AUTOS = YES_AGGRESSIVE;
				GCC_WARN_UNUSED_FUNCTION = YES;
				GCC_WARN_UNUSED_VARIABLE = YES;
				IPHONEOS_DEPLOYMENT_TARGET = 10.0;
				MTL_ENABLE_DEBUG_INFO = NO;
				SDKROOT = iphoneos;
				VALIDATE_PRODUCT = YES;
			};
			name = Release;
		};
		3F848A171DACF47C00C2CC44 /* Debug */ = {
			isa = XCBuildConfiguration;
			buildSettings = {
				ASSETCATALOG_COMPILER_APPICON_NAME = AppIcon;
				CODE_SIGN_ENTITLEMENTS = ApplicationExtension_Demo/ApplicationExtension_Demo.entitlements;
				DEVELOPMENT_TEAM = R365GJWFWY;
				INFOPLIST_FILE = ApplicationExtension_Demo/Info.plist;
				LD_RUNPATH_SEARCH_PATHS = "$(inherited) @executable_path/Frameworks";
				ONLY_ACTIVE_ARCH = YES;
				PRODUCT_BUNDLE_IDENTIFIER = "Crazy.ApplicationExtension-Demo";
				PRODUCT_NAME = "$(TARGET_NAME)";
			};
			name = Debug;
		};
		3F848A181DACF47C00C2CC44 /* Release */ = {
			isa = XCBuildConfiguration;
			buildSettings = {
				ASSETCATALOG_COMPILER_APPICON_NAME = AppIcon;
				CODE_SIGN_ENTITLEMENTS = ApplicationExtension_Demo/ApplicationExtension_Demo.entitlements;
				DEVELOPMENT_TEAM = R365GJWFWY;
				INFOPLIST_FILE = ApplicationExtension_Demo/Info.plist;
				LD_RUNPATH_SEARCH_PATHS = "$(inherited) @executable_path/Frameworks";
				ONLY_ACTIVE_ARCH = NO;
				PRODUCT_BUNDLE_IDENTIFIER = "Crazy.ApplicationExtension-Demo";
				PRODUCT_NAME = "$(TARGET_NAME)";
			};
			name = Release;
		};
		3F848A2D1DACF6B000C2CC44 /* Debug */ = {
			isa = XCBuildConfiguration;
			buildSettings = {
				CODE_SIGN_ENTITLEMENTS = Today_Extension/Today_Extension.entitlements;
				DEVELOPMENT_TEAM = R365GJWFWY;
				INFOPLIST_FILE = Today_Extension/Info.plist;
				LD_RUNPATH_SEARCH_PATHS = "$(inherited) @executable_path/Frameworks @executable_path/../../Frameworks";
				ONLY_ACTIVE_ARCH = YES;
				PRODUCT_BUNDLE_IDENTIFIER = "Crazy.ApplicationExtension-Demo.Today-Extension";
				PRODUCT_NAME = "$(TARGET_NAME)";
				SKIP_INSTALL = YES;
			};
			name = Debug;
		};
		3F848A2E1DACF6B000C2CC44 /* Release */ = {
			isa = XCBuildConfiguration;
			buildSettings = {
				CODE_SIGN_ENTITLEMENTS = Today_Extension/Today_Extension.entitlements;
				DEVELOPMENT_TEAM = R365GJWFWY;
				INFOPLIST_FILE = Today_Extension/Info.plist;
				LD_RUNPATH_SEARCH_PATHS = "$(inherited) @executable_path/Frameworks @executable_path/../../Frameworks";
				ONLY_ACTIVE_ARCH = NO;
				PRODUCT_BUNDLE_IDENTIFIER = "Crazy.ApplicationExtension-Demo.Today-Extension";
				PRODUCT_NAME = "$(TARGET_NAME)";
				SKIP_INSTALL = YES;
			};
			name = Release;
		};
/* End XCBuildConfiguration section */

/* Begin XCConfigurationList section */
		3F1BE34F1DBCA36F000017C3 /* Build configuration list for PBXNativeTarget "Share_Extension" */ = {
			isa = XCConfigurationList;
			buildConfigurations = (
				3F1BE34D1DBCA36F000017C3 /* Debug */,
				3F1BE34E1DBCA36F000017C3 /* Release */,
			);
			defaultConfigurationIsVisible = 0;
		};
		3F8489FA1DACF47C00C2CC44 /* Build configuration list for PBXProject "ApplicationExtension_Demo" */ = {
			isa = XCConfigurationList;
			buildConfigurations = (
				3F848A141DACF47C00C2CC44 /* Debug */,
				3F848A151DACF47C00C2CC44 /* Release */,
			);
			defaultConfigurationIsVisible = 0;
			defaultConfigurationName = Release;
		};
		3F848A161DACF47C00C2CC44 /* Build configuration list for PBXNativeTarget "ApplicationExtension_Demo" */ = {
			isa = XCConfigurationList;
			buildConfigurations = (
				3F848A171DACF47C00C2CC44 /* Debug */,
				3F848A181DACF47C00C2CC44 /* Release */,
			);
			defaultConfigurationIsVisible = 0;
			defaultConfigurationName = Release;
		};
		3F848A2C1DACF6B000C2CC44 /* Build configuration list for PBXNativeTarget "Today_Extension" */ = {
			isa = XCConfigurationList;
			buildConfigurations = (
				3F848A2D1DACF6B000C2CC44 /* Debug */,
				3F848A2E1DACF6B000C2CC44 /* Release */,
			);
			defaultConfigurationIsVisible = 0;
			defaultConfigurationName = Release;
		};
/* End XCConfigurationList section */
	};
	rootObject = 3F8489F71DACF47C00C2CC44 /* Project object */;
}
